
Microsoft Visual Studio Solution File, Format Version 12.00
# Visual Studio Version 17
VisualStudioVersion = 17.11.35303.130
MinimumVisualStudioVersion = 10.0.40219.1
Project("{9A19103F-16F7-4668-BE54-9A1E7A4F7556}") = "AppReciclagem", "AppReciclagem.csproj", "{11B49C79-0D49-44C1-8C3D-86014454DF9D}"
EndProject
Global
	GlobalSection(SolutionConfigurationPlatforms) = preSolution
		Debug|Any CPU = Debug|Any CPU
		Release|Any CPU = Release|Any CPU
	EndGlobalSection
	GlobalSection(ProjectConfigurationPlatforms) = postSolution
		{11B49C79-0D49-44C1-8C3D-86014454DF9D}.Debug|Any CPU.ActiveCfg = Debug|Any CPU
		{11B49C79-0D49-44C1-8C3D-86014454DF9D}.Debug|Any CPU.Build.0 = Debug|Any CPU
		{11B49C79-0D49-44C1-8C3D-86014454DF9D}.Release|Any CPU.ActiveCfg = Release|Any CPU
		{11B49C79-0D49-44C1-8C3D-86014454DF9D}.Release|Any CPU.Build.0 = Release|Any CPU
	EndGlobalSection
	GlobalSection(SolutionProperties) = preSolution
		HideSolutionNode = FALSE
	EndGlobalSection
	GlobalSection(ExtensibilityGlobals) = postSolution
		SolutionGuid = {391C1961-9334-49AB-AFE9-BF0FDE61FBB1}
	EndGlobalSection
EndGlobal
